
Microsoft Visual Studio Solution File, Format Version 12.00
# Visual Studio Version 17
VisualStudioVersion = 17.7.34202.233
MinimumVisualStudioVersion = 10.0.40219.1
Project("{2150E333-8FDC-42A3-9474-1A3956D46DE8}") = "Solution Items", "Solution Items", "{8EC462FD-D22E-90A8-E5CE-7E832BA40C5D}"
	ProjectSection(SolutionItems) = preProject
		.gitignore = .gitignore
		README.md = README.md
	EndProjectSection
EndProject
Project("{FAE04EC0-301F-11D3-BF4B-00C04F79EFBC}") = "MatchNotificator", "Src\LoLMatchNotificator\MatchNotificator.csproj", "{BFD5716F-41DB-C092-C9CE-AE439BEE9874}"
EndProject
Project("{FAE04EC0-301F-11D3-BF4B-00C04F79EFBC}") = "LoLMatchAccepterNet", "Src\LoLMatchAccepterNet\LoLMatchAccepterNet.csproj", "{309804D0-07F4-20CD-5AD8-8814FB1E3E01}"
EndProject
Project("{FAE04EC0-301F-11D3-BF4B-00C04F79EFBC}") = "LoLMatchAccepterNet.Common", "Src\LoLMatchAccepterNet.Common\LoLMatchAccepterNet.Common.csproj", "{FFA66EF5-3233-5A2F-C887-FAFEF66F0BEA}"
EndProject
Global
	GlobalSection(SolutionConfigurationPlatforms) = preSolution
		Debug|Any CPU = Debug|Any CPU
		Release|Any CPU = Release|Any CPU
	EndGlobalSection
	GlobalSection(ProjectConfigurationPlatforms) = postSolution
		{BFD5716F-41DB-C092-C9CE-AE439BEE9874}.Debug|Any CPU.ActiveCfg = Debug|Any CPU
		{BFD5716F-41DB-C092-C9CE-AE439BEE9874}.Debug|Any CPU.Build.0 = Debug|Any CPU
		{BFD5716F-41DB-C092-C9CE-AE439BEE9874}.Debug|Any CPU.Deploy.0 = Debug|Any CPU
		{BFD5716F-41DB-C092-C9CE-AE439BEE9874}.Release|Any CPU.ActiveCfg = Release|Any CPU
		{BFD5716F-41DB-C092-C9CE-AE439BEE9874}.Release|Any CPU.Build.0 = Release|Any CPU
		{BFD5716F-41DB-C092-C9CE-AE439BEE9874}.Release|Any CPU.Deploy.0 = Release|Any CPU
		{309804D0-07F4-20CD-5AD8-8814FB1E3E01}.Debug|Any CPU.ActiveCfg = Debug|Any CPU
		{309804D0-07F4-20CD-5AD8-8814FB1E3E01}.Debug|Any CPU.Build.0 = Debug|Any CPU
		{309804D0-07F4-20CD-5AD8-8814FB1E3E01}.Release|Any CPU.ActiveCfg = Release|Any CPU
		{309804D0-07F4-20CD-5AD8-8814FB1E3E01}.Release|Any CPU.Build.0 = Release|Any CPU
		{FFA66EF5-3233-5A2F-C887-FAFEF66F0BEA}.Debug|Any CPU.ActiveCfg = Debug|Any CPU
		{FFA66EF5-3233-5A2F-C887-FAFEF66F0BEA}.Debug|Any CPU.Build.0 = Debug|Any CPU
		{FFA66EF5-3233-5A2F-C887-FAFEF66F0BEA}.Release|Any CPU.ActiveCfg = Release|Any CPU
		{FFA66EF5-3233-5A2F-C887-FAFEF66F0BEA}.Release|Any CPU.Build.0 = Release|Any CPU
	EndGlobalSection
	GlobalSection(SolutionProperties) = preSolution
		HideSolutionNode = FALSE
	EndGlobalSection
	GlobalSection(ExtensibilityGlobals) = postSolution
		SolutionGuid = {2A41C904-9FB3-45AE-8E73-C5207CD1B2B1}
	EndGlobalSection
EndGlobal
